Microsoft Visual Studio Solution File, Format Version 12.00
# Visual Studio Version 17
VisualStudioVersion = 17.5.2.0
MinimumVisualStudioVersion = 10.0.40219.1
Project("{FAE04EC0-301F-11D3-BF4B-00C04F79EFBC}") = "ZoiesAPI", "Backend\ZoiesAPI.csproj", "{279B7B4C-B3F4-DCCA-000E-38D131B77636}"
EndProject
Global
	GlobalSection(SolutionConfigurationPlatforms) = preSolution
		Debug|Any CPU = Debug|Any CPU
		Release|Any CPU = Release|Any CPU
	EndGlobalSection
	GlobalSection(ProjectConfigurationPlatforms) = postSolution
		{279B7B4C-B3F4-DCCA-000E-38D131B77636}.Debug|Any CPU.ActiveCfg = Debug|Any CPU
		{279B7B4C-B3F4-DCCA-000E-38D131B77636}.Debug|Any CPU.Build.0 = Debug|Any CPU
		{279B7B4C-B3F4-DCCA-000E-38D131B77636}.Release|Any CPU.ActiveCfg = Release|Any CPU
		{279B7B4C-B3F4-DCCA-000E-38D131B77636}.Release|Any CPU.Build.0 = Release|Any CPU
	EndGlobalSection
	GlobalSection(SolutionProperties) = preSolution
		HideSolutionNode = FALSE
	EndGlobalSection
	GlobalSection(ExtensibilityGlobals) = postSolution
		SolutionGuid = {C72B3C82-CA48-424C-9EDB-872B1BA1E856}
	EndGlobalSection
EndGlobal
